
Microsoft Visual Studio Solution File, Format Version 12.00
Project("{FAE04EC0-301F-11D3-BF4B-00C04F79EFBC}") = "PocketBugle", "PocketBugle\src\PocketBugle\PocketBugle.csproj", "{4BD8A1A8-141A-4A8E-8BB1-98F5A9F2B2AA}"
EndProject
Global
	GlobalSection(SolutionConfigurationPlatforms) = preSolution
		Debug|Any CPU = Debug|Any CPU
		Release|Any CPU = Release|Any CPU
	EndGlobalSection
	GlobalSection(ProjectConfigurationPlatforms) = postSolution
		{4BD8A1A8-141A-4A8E-8BB1-98F5A9F2B2AA}.Debug|Any CPU.ActiveCfg = Debug|Any CPU
		{4BD8A1A8-141A-4A8E-8BB1-98F5A9F2B2AA}.Debug|Any CPU.Build.0 = Debug|Any CPU
		{4BD8A1A8-141A-4A8E-8BB1-98F5A9F2B2AA}.Release|Any CPU.ActiveCfg = Release|Any CPU
		{4BD8A1A8-141A-4A8E-8BB1-98F5A9F2B2AA}.Release|Any CPU.Build.0 = Release|Any CPU
	EndGlobalSection
EndGlobal
